// !$*UTF8*$!
{
	archiveVersion = 1;
	classes = {
	};
	objectVersion = 50;
	objects = {

/* Begin PBXBuildFile section */
		6C95603925A1B09800712F97 /* AppsApp.swift in Sources */ = {isa = PBXBuildFile; fileRef = 6C95603825A1B09800712F97 /* AppsApp.swift */; };
		6C95603B25A1B09800712F97 /* ContentView.swift in Sources */ = {isa = PBXBuildFile; fileRef = 6C95603A25A1B09800712F97 /* ContentView.swift */; };
		6C95603D25A1B09900712F97 /* Assets.xcassets in Resources */ = {isa = PBXBuildFile; fileRef = 6C95603C25A1B09900712F97 /* Assets.xcassets */; };
		6C95604025A1B09900712F97 /* Preview Assets.xcassets in Resources */ = {isa = PBXBuildFile; fileRef = 6C95603F25A1B09900712F97 /* Preview Assets.xcassets */; };
		6C95605125A1B0F800712F97 /* index_ja.html in Resources */ = {isa = PBXBuildFile; fileRef = 6C95604E25A1B0F800712F97 /* index_ja.html */; };
		6C95605225A1B0F800712F97 /* index.html in Resources */ = {isa = PBXBuildFile; fileRef = 6C95604F25A1B0F800712F97 /* index.html */; };
		6C95605325A1B0F800712F97 /* apps.css in Resources */ = {isa = PBXBuildFile; fileRef = 6C95605025A1B0F800712F97 /* apps.css */; };
		6C95605625A1B11500712F97 /* twitter.png in Resources */ = {isa = PBXBuildFile; fileRef = 6C95605525A1B11500712F97 /* twitter.png */; };
		6C95606125A1B11C00712F97 /* AppStore_JP.svg in Resources */ = {isa = PBXBuildFile; fileRef = 6C95605825A1B11C00712F97 /* AppStore_JP.svg */; };
		6C95606225A1B11C00712F97 /* Gmail.png in Resources */ = {isa = PBXBuildFile; fileRef = 6C95605925A1B11C00712F97 /* Gmail.png */; };
		6C95606325A1B11C00712F97 /* AppStore_US.svg in Resources */ = {isa = PBXBuildFile; fileRef = 6C95605A25A1B11C00712F97 /* AppStore_US.svg */; };
		6C95606425A1B11C00712F97 /* mark-github.svg in Resources */ = {isa = PBXBuildFile; fileRef = 6C95605B25A1B11C00712F97 /* mark-github.svg */; };
		6C95606525A1B11C00712F97 /* Pythonista3.jpeg in Resources */ = {isa = PBXBuildFile; fileRef = 6C95605C25A1B11C00712F97 /* Pythonista3.jpeg */; };
		6C95606625A1B11C00712F97 /* favicon.png in Resources */ = {isa = PBXBuildFile; fileRef = 6C95605D25A1B11C00712F97 /* favicon.png */; };
		6C95606725A1B11C00712F97 /* manabapp.png in Resources */ = {isa = PBXBuildFile; fileRef = 6C95605E25A1B11C00712F97 /* manabapp.png */; };
		6C95606825A1B11C00712F97 /* Pythonista3.key in Resources */ = {isa = PBXBuildFile; fileRef = 6C95605F25A1B11C00712F97 /* Pythonista3.key */; };
		6C95606925A1B11C00712F97 /* home.svg in Resources */ = {isa = PBXBuildFile; fileRef = 6C95606025A1B11C00712F97 /* home.svg */; };
		6C95606D25A1B13C00712F97 /* SocTest.png in Resources */ = {isa = PBXBuildFile; fileRef = 6C95606C25A1B13B00712F97 /* SocTest.png */; };
		6C95607225A1B14A00712F97 /* index.html in Resources */ = {isa = PBXBuildFile; fileRef = 6C95607025A1B14A00712F97 /* index.html */; };
		6C95607325A1B14A00712F97 /* index_ja.html in Resources */ = {isa = PBXBuildFile; fileRef = 6C95607125A1B14A00712F97 /* index_ja.html */; };
		6C95607725A1B15800712F97 /* SocPing_splash.png in Resources */ = {isa = PBXBuildFile; fileRef = 6C95607525A1B15800712F97 /* SocPing_splash.png */; };
		6C95607825A1B15800712F97 /* SocPing.png in Resources */ = {isa = PBXBuildFile; fileRef = 6C95607625A1B15800712F97 /* SocPing.png */; };
		6C95608E25A1B16400712F97 /* ScreenShot5.jpeg in Resources */ = {isa = PBXBuildFile; fileRef = 6C95607A25A1B16300712F97 /* ScreenShot5.jpeg */; };
		6C95608F25A1B16400712F97 /* ScreenShot9_ja.jpeg in Resources */ = {isa = PBXBuildFile; fileRef = 6C95607B25A1B16300712F97 /* ScreenShot9_ja.jpeg */; };
		6C95609025A1B16400712F97 /* ScreenShot1_ja.jpeg in Resources */ = {isa = PBXBuildFile; fileRef = 6C95607C25A1B16300712F97 /* ScreenShot1_ja.jpeg */; };
		6C95609125A1B16400712F97 /* ScreenShot8.jpeg in Resources */ = {isa = PBXBuildFile; fileRef = 6C95607D25A1B16300712F97 /* ScreenShot8.jpeg */; };
		6C95609225A1B16400712F97 /* ScreenShot4_ja.jpeg in Resources */ = {isa = PBXBuildFile; fileRef = 6C95607E25A1B16300712F97 /* ScreenShot4_ja.jpeg */; };
		6C95609325A1B16400712F97 /* ScreenShot3_ja.jpeg in Resources */ = {isa = PBXBuildFile; fileRef = 6C95607F25A1B16300712F97 /* ScreenShot3_ja.jpeg */; };
		6C95609425A1B16400712F97 /* ScreenShot9.jpeg in Resources */ = {isa = PBXBuildFile; fileRef = 6C95608025A1B16300712F97 /* ScreenShot9.jpeg */; };
		6C95609525A1B16400712F97 /* ScreenShot7.jpeg in Resources */ = {isa = PBXBuildFile; fileRef = 6C95608125A1B16300712F97 /* ScreenShot7.jpeg */; };
		6C95609625A1B16400712F97 /* ScreenShot3.jpeg in Resources */ = {isa = PBXBuildFile; fileRef = 6C95608225A1B16300712F97 /* ScreenShot3.jpeg */; };
		6C95609725A1B16400712F97 /* ScreenShot6_ja.jpeg in Resources */ = {isa = PBXBuildFile; fileRef = 6C95608325A1B16300712F97 /* ScreenShot6_ja.jpeg */; };
		6C95609825A1B16400712F97 /* ScreenShot4.jpeg in Resources */ = {isa = PBXBuildFile; fileRef = 6C95608425A1B16300712F97 /* ScreenShot4.jpeg */; };
		6C95609925A1B16400712F97 /* ScreenShot2.jpeg in Resources */ = {isa = PBXBuildFile; fileRef = 6C95608525A1B16300712F97 /* ScreenShot2.jpeg */; };
		6C95609A25A1B16400712F97 /* ScreenShot8_ja.jpeg in Resources */ = {isa = PBXBuildFile; fileRef = 6C95608625A1B16300712F97 /* ScreenShot8_ja.jpeg */; };
		6C95609B25A1B16400712F97 /* ScreenShot6.jpeg in Resources */ = {isa = PBXBuildFile; fileRef = 6C95608725A1B16300712F97 /* ScreenShot6.jpeg */; };
		6C95609C25A1B16400712F97 /* ScreenShot7_ja.jpeg in Resources */ = {isa = PBXBuildFile; fileRef = 6C95608825A1B16300712F97 /* ScreenShot7_ja.jpeg */; };
		6C95609D25A1B16400712F97 /* ScreenShot10_ja.jpeg in Resources */ = {isa = PBXBuildFile; fileRef = 6C95608925A1B16300712F97 /* ScreenShot10_ja.jpeg */; };
		6C95609E25A1B16400712F97 /* ScreenShot2_ja.jpeg in Resources */ = {isa = PBXBuildFile; fileRef = 6C95608A25A1B16400712F97 /* ScreenShot2_ja.jpeg */; };
		6C95609F25A1B16400712F97 /* ScreenShot5_ja.jpeg in Resources */ = {isa = PBXBuildFile; fileRef = 6C95608B25A1B16400712F97 /* ScreenShot5_ja.jpeg */; };
		6C9560A025A1B16400712F97 /* ScreenShot10.jpeg in Resources */ = {isa = PBXBuildFile; fileRef = 6C95608C25A1B16400712F97 /* ScreenShot10.jpeg */; };
		6C9560A125A1B16400712F97 /* ScreenShot1.jpeg in Resources */ = {isa = PBXBuildFile; fileRef = 6C95608D25A1B16400712F97 /* ScreenShot1.jpeg */; };
		6C9560A525A1B17600712F97 /* index_ja.html in Resources */ = {isa = PBXBuildFile; fileRef = 6C9560A425A1B17600712F97 /* index_ja.html */; };
		6C9560AC25A1B17F00712F97 /* shinkansen_splash.png in Resources */ = {isa = PBXBuildFile; fileRef = 6C9560A725A1B17F00712F97 /* shinkansen_splash.png */; };
		6C9560AD25A1B17F00712F97 /* Shinkansen.jpeg in Resources */ = {isa = PBXBuildFile; fileRef = 6C9560A825A1B17F00712F97 /* Shinkansen.jpeg */; };
		6C9560AE25A1B17F00712F97 /* stations.jpeg in Resources */ = {isa = PBXBuildFile; fileRef = 6C9560A925A1B17F00712F97 /* stations.jpeg */; };
		6C9560AF25A1B17F00712F97 /* train_down.jpeg in Resources */ = {isa = PBXBuildFile; fileRef = 6C9560AA25A1B17F00712F97 /* train_down.jpeg */; };
		6C9560B025A1B17F00712F97 /* train_up.jpeg in Resources */ = {isa = PBXBuildFile; fileRef = 6C9560AB25A1B17F00712F97 /* train_up.jpeg */; };
/* End PBXBuildFile section */

/* Begin PBXFileReference section */
		6C95603525A1B09800712F97 /* Apps.app */ = {isa = PBXFileReference; explicitFileType = wrapper.application; includeInIndex = 0; path = Apps.app; sourceTree = BUILT_PRODUCTS_DIR; };
		6C95603825A1B09800712F97 /* AppsApp.swift */ = {isa = PBXFileReference; lastKnownFileType = sourcecode.swift; path = AppsApp.swift; sourceTree = "<group>"; };
		6C95603A25A1B09800712F97 /* ContentView.swift */ = {isa = PBXFileReference; lastKnownFileType = sourcecode.swift; path = ContentView.swift; sourceTree = "<group>"; };
		6C95603C25A1B09900712F97 /* Assets.xcassets */ = {isa = PBXFileReference; lastKnownFileType = folder.assetcatalog; path = Assets.xcassets; sourceTree = "<group>"; };
		6C95603F25A1B09900712F97 /* Preview Assets.xcassets */ = {isa = PBXFileReference; lastKnownFileType = folder.assetcatalog; path = "Preview Assets.xcassets"; sourceTree = "<group>"; };
		6C95604125A1B09900712F97 /* Info.plist */ = {isa = PBXFileReference; lastKnownFileType = text.plist.xml; path = Info.plist; sourceTree = "<group>"; };
		6C95604E25A1B0F800712F97 /* index_ja.html */ = {isa = PBXFileReference; fileEncoding = 4; lastKnownFileType = text.html; path = index_ja.html; sourceTree = "<group>"; };
		6C95604F25A1B0F800712F97 /* index.html */ = {isa = PBXFileReference; fileEncoding = 4; lastKnownFileType = text.html; path = index.html; sourceTree = "<group>"; };
		6C95605025A1B0F800712F97 /* apps.css */ = {isa = PBXFileReference; fileEncoding = 4; lastKnownFileType = text.css; path = apps.css; sourceTree = "<group>"; };
		6C95605525A1B11500712F97 /* twitter.png */ = {isa = PBXFileReference; lastKnownFileType = image.png; path = twitter.png; sourceTree = "<group>"; };
		6C95605825A1B11C00712F97 /* AppStore_JP.svg */ = {isa = PBXFileReference; fileEncoding = 4; lastKnownFileType = text; path = AppStore_JP.svg; sourceTree = "<group>"; };
		6C95605925A1B11C00712F97 /* Gmail.png */ = {isa = PBXFileReference; lastKnownFileType = image.png; path = Gmail.png; sourceTree = "<group>"; };
		6C95605A25A1B11C00712F97 /* AppStore_US.svg */ = {isa = PBXFileReference; fileEncoding = 4; lastKnownFileType = text; path = AppStore_US.svg; sourceTree = "<group>"; };
		6C95605B25A1B11C00712F97 /* mark-github.svg */ = {isa = PBXFileReference; fileEncoding = 4; lastKnownFileType = text; path = "mark-github.svg"; sourceTree = "<group>"; };
		6C95605C25A1B11C00712F97 /* Pythonista3.jpeg */ = {isa = PBXFileReference; lastKnownFileType = image.jpeg; path = Pythonista3.jpeg; sourceTree = "<group>"; };
		6C95605D25A1B11C00712F97 /* favicon.png */ = {isa = PBXFileReference; lastKnownFileType = image.png; path = favicon.png; sourceTree = "<group>"; };
		6C95605E25A1B11C00712F97 /* manabapp.png */ = {isa = PBXFileReference; lastKnownFileType = image.png; path = manabapp.png; sourceTree = "<group>"; };
		6C95605F25A1B11C00712F97 /* Pythonista3.key */ = {isa = PBXFileReference; lastKnownFileType = file; path = Pythonista3.key; sourceTree = "<group>"; };
		6C95606025A1B11C00712F97 /* home.svg */ = {isa = PBXFileReference; fileEncoding = 4; lastKnownFileType = text; path = home.svg; sourceTree = "<group>"; };
		6C95606C25A1B13B00712F97 /* SocTest.png */ = {isa = PBXFileReference; lastKnownFileType = image.png; path = SocTest.png; sourceTree = "<group>"; };
		6C95607025A1B14A00712F97 /* index.html */ = {isa = PBXFileReference; fileEncoding = 4; lastKnownFileType = text.html; path = index.html; sourceTree = "<group>"; };
		6C95607125A1B14A00712F97 /* index_ja.html */ = {isa = PBXFileReference; fileEncoding = 4; lastKnownFileType = text.html; path = index_ja.html; sourceTree = "<group>"; };
		6C95607525A1B15800712F97 /* SocPing_splash.png */ = {isa = PBXFileReference; lastKnownFileType = image.png; path = SocPing_splash.png; sourceTree = "<group>"; };
		6C95607625A1B15800712F97 /* SocPing.png */ = {isa = PBXFileReference; lastKnownFileType = image.png; path = SocPing.png; sourceTree = "<group>"; };
		6C95607A25A1B16300712F97 /* ScreenShot5.jpeg */ = {isa = PBXFileReference; lastKnownFileType = image.jpeg; path = ScreenShot5.jpeg; sourceTree = "<group>"; };
		6C95607B25A1B16300712F97 /* ScreenShot9_ja.jpeg */ = {isa = PBXFileReference; lastKnownFileType = image.jpeg; path = ScreenShot9_ja.jpeg; sourceTree = "<group>"; };
		6C95607C25A1B16300712F97 /* ScreenShot1_ja.jpeg */ = {isa = PBXFileReference; lastKnownFileType = image.jpeg; path = ScreenShot1_ja.jpeg; sourceTree = "<group>"; };
		6C95607D25A1B16300712F97 /* ScreenShot8.jpeg */ = {isa = PBXFileReference; lastKnownFileType = image.jpeg; path = ScreenShot8.jpeg; sourceTree = "<group>"; };
		6C95607E25A1B16300712F97 /* ScreenShot4_ja.jpeg */ = {isa = PBXFileReference; lastKnownFileType = image.jpeg; path = ScreenShot4_ja.jpeg; sourceTree = "<group>"; };
		6C95607F25A1B16300712F97 /* ScreenShot3_ja.jpeg */ = {isa = PBXFileReference; lastKnownFileType = image.jpeg; path = ScreenShot3_ja.jpeg; sourceTree = "<group>"; };
		6C95608025A1B16300712F97 /* ScreenShot9.jpeg */ = {isa = PBXFileReference; lastKnownFileType = image.jpeg; path = ScreenShot9.jpeg; sourceTree = "<group>"; };
		6C95608125A1B16300712F97 /* ScreenShot7.jpeg */ = {isa = PBXFileReference; lastKnownFileType = image.jpeg; path = ScreenShot7.jpeg; sourceTree = "<group>"; };
		6C95608225A1B16300712F97 /* ScreenShot3.jpeg */ = {isa = PBXFileReference; lastKnownFileType = image.jpeg; path = ScreenShot3.jpeg; sourceTree = "<group>"; };
		6C95608325A1B16300712F97 /* ScreenShot6_ja.jpeg */ = {isa = PBXFileReference; lastKnownFileType = image.jpeg; path = ScreenShot6_ja.jpeg; sourceTree = "<group>"; };
		6C95608425A1B16300712F97 /* ScreenShot4.jpeg */ = {isa = PBXFileReference; lastKnownFileType = image.jpeg; path = ScreenShot4.jpeg; sourceTree = "<group>"; };
		6C95608525A1B16300712F97 /* ScreenShot2.jpeg */ = {isa = PBXFileReference; lastKnownFileType = image.jpeg; path = ScreenShot2.jpeg; sourceTree = "<group>"; };
		6C95608625A1B16300712F97 /* ScreenShot8_ja.jpeg */ = {isa = PBXFileReference; lastKnownFileType = image.jpeg; path = ScreenShot8_ja.jpeg; sourceTree = "<group>"; };
		6C95608725A1B16300712F97 /* ScreenShot6.jpeg */ = {isa = PBXFileReference; lastKnownFileType = image.jpeg; path = ScreenShot6.jpeg; sourceTree = "<group>"; };
		6C95608825A1B16300712F97 /* ScreenShot7_ja.jpeg */ = {isa = PBXFileReference; lastKnownFileType = image.jpeg; path = ScreenShot7_ja.jpeg; sourceTree = "<group>"; };
		6C95608925A1B16300712F97 /* ScreenShot10_ja.jpeg */ = {isa = PBXFileReference; lastKnownFileType = image.jpeg; path = ScreenShot10_ja.jpeg; sourceTree = "<group>"; };
		6C95608A25A1B16400712F97 /* ScreenShot2_ja.jpeg */ = {isa = PBXFileReference; lastKnownFileType = image.jpeg; path = ScreenShot2_ja.jpeg; sourceTree = "<group>"; };
		6C95608B25A1B16400712F97 /* ScreenShot5_ja.jpeg */ = {isa = PBXFileReference; lastKnownFileType = image.jpeg; path = ScreenShot5_ja.jpeg; sourceTree = "<group>"; };
		6C95608C25A1B16400712F97 /* ScreenShot10.jpeg */ = {isa = PBXFileReference; lastKnownFileType = image.jpeg; path = ScreenShot10.jpeg; sourceTree = "<group>"; };
		6C95608D25A1B16400712F97 /* ScreenShot1.jpeg */ = {isa = PBXFileReference; lastKnownFileType = image.jpeg; path = ScreenShot1.jpeg; sourceTree = "<group>"; };
		6C9560A425A1B17600712F97 /* index_ja.html */ = {isa = PBXFileReference; fileEncoding = 4; lastKnownFileType = text.html; path = index_ja.html; sourceTree = "<group>"; };
		6C9560A725A1B17F00712F97 /* shinkansen_splash.png */ = {isa = PBXFileReference; lastKnownFileType = image.png; path = shinkansen_splash.png; sourceTree = "<group>"; };
		6C9560A825A1B17F00712F97 /* Shinkansen.jpeg */ = {isa = PBXFileReference; lastKnownFileType = image.jpeg; path = Shinkansen.jpeg; sourceTree = "<group>"; };
		6C9560A925A1B17F00712F97 /* stations.jpeg */ = {isa = PBXFileReference; lastKnownFileType = image.jpeg; path = stations.jpeg; sourceTree = "<group>"; };
		6C9560AA25A1B17F00712F97 /* train_down.jpeg */ = {isa = PBXFileReference; lastKnownFileType = image.jpeg; path = train_down.jpeg; sourceTree = "<group>"; };
		6C9560AB25A1B17F00712F97 /* train_up.jpeg */ = {isa = PBXFileReference; lastKnownFileType = image.jpeg; path = train_up.jpeg; sourceTree = "<group>"; };
/* End PBXFileReference section */

/* Begin PBXFrameworksBuildPhase section */
		6C95603225A1B09800712F97 /* Frameworks */ = {
			isa = PBXFrameworksBuildPhase;
			buildActionMask = 2147483647;
			files = (
			);
			runOnlyForDeploymentPostprocessing = 0;
		};
/* End PBXFrameworksBuildPhase section */

/* Begin PBXGroup section */
		6C95602C25A1B09800712F97 = {
			isa = PBXGroup;
			children = (
				6C95604825A1B0A100712F97 /* docs */,
				6C95603725A1B09800712F97 /* Apps */,
				6C95603625A1B09800712F97 /* Products */,
			);
			sourceTree = "<group>";
		};
		6C95603625A1B09800712F97 /* Products */ = {
			isa = PBXGroup;
			children = (
				6C95603525A1B09800712F97 /* Apps.app */,
			);
			name = Products;
			sourceTree = "<group>";
		};
		6C95603725A1B09800712F97 /* Apps */ = {
			isa = PBXGroup;
			children = (
				6C95603825A1B09800712F97 /* AppsApp.swift */,
				6C95603A25A1B09800712F97 /* ContentView.swift */,
				6C95603C25A1B09900712F97 /* Assets.xcassets */,
				6C95604125A1B09900712F97 /* Info.plist */,
				6C95603E25A1B09900712F97 /* Preview Content */,
			);
			path = Apps;
			sourceTree = "<group>";
		};
		6C95603E25A1B09900712F97 /* Preview Content */ = {
			isa = PBXGroup;
			children = (
				6C95603F25A1B09900712F97 /* Preview Assets.xcassets */,
			);
			path = "Preview Content";
			sourceTree = "<group>";
		};
		6C95604825A1B0A100712F97 /* docs */ = {
			isa = PBXGroup;
			children = (
				6C95605025A1B0F800712F97 /* apps.css */,
				6C95604E25A1B0F800712F97 /* index_ja.html */,
				6C95604F25A1B0F800712F97 /* index.html */,
				6C95604D25A1B0EE00712F97 /* img */,
				6C95604C25A1B0E200712F97 /* App_SocTest */,
				6C95604B25A1B0DA00712F97 /* App_SocPing */,
				6C95604A25A1B0CB00712F97 /* App_Shinkansen */,
				6C95604925A1B0C100712F97 /* App_Calculator4 */,
			);
			path = docs;
			sourceTree = "<group>";
		};
		6C95604925A1B0C100712F97 /* App_Calculator4 */ = {
			isa = PBXGroup;
			children = (
			);
			path = App_Calculator4;
			sourceTree = "<group>";
		};
		6C95604A25A1B0CB00712F97 /* App_Shinkansen */ = {
			isa = PBXGroup;
			children = (
				6C9560A425A1B17600712F97 /* index_ja.html */,
				6C9560A325A1B16C00712F97 /* img */,
			);
			path = App_Shinkansen;
			sourceTree = "<group>";
		};
		6C95604B25A1B0DA00712F97 /* App_SocPing */ = {
			isa = PBXGroup;
			children = (
				6C95607125A1B14A00712F97 /* index_ja.html */,
				6C95607025A1B14A00712F97 /* index.html */,
				6C95606F25A1B14000712F97 /* img */,
			);
			path = App_SocPing;
			sourceTree = "<group>";
		};
		6C95604C25A1B0E200712F97 /* App_SocTest */ = {
			isa = PBXGroup;
			children = (
				6C95606B25A1B12E00712F97 /* img */,
			);
			path = App_SocTest;
			sourceTree = "<group>";
		};
		6C95604D25A1B0EE00712F97 /* img */ = {
			isa = PBXGroup;
			children = (
				6C95605825A1B11C00712F97 /* AppStore_JP.svg */,
				6C95605A25A1B11C00712F97 /* AppStore_US.svg */,
				6C95605D25A1B11C00712F97 /* favicon.png */,
				6C95605925A1B11C00712F97 /* Gmail.png */,
				6C95606025A1B11C00712F97 /* home.svg */,
				6C95605E25A1B11C00712F97 /* manabapp.png */,
				6C95605B25A1B11C00712F97 /* mark-github.svg */,
				6C95605C25A1B11C00712F97 /* Pythonista3.jpeg */,
				6C95605F25A1B11C00712F97 /* Pythonista3.key */,
				6C95605525A1B11500712F97 /* twitter.png */,
			);
			path = img;
			sourceTree = "<group>";
		};
		6C95606B25A1B12E00712F97 /* img */ = {
			isa = PBXGroup;
			children = (
				6C95606C25A1B13B00712F97 /* SocTest.png */,
			);
			path = img;
			sourceTree = "<group>";
		};
		6C95606F25A1B14000712F97 /* img */ = {
			isa = PBXGroup;
			children = (
				6C95607C25A1B16300712F97 /* ScreenShot1_ja.jpeg */,
				6C95608D25A1B16400712F97 /* ScreenShot1.jpeg */,
				6C95608A25A1B16400712F97 /* ScreenShot2_ja.jpeg */,
				6C95608525A1B16300712F97 /* ScreenShot2.jpeg */,
				6C95607F25A1B16300712F97 /* ScreenShot3_ja.jpeg */,
				6C95608225A1B16300712F97 /* ScreenShot3.jpeg */,
				6C95607E25A1B16300712F97 /* ScreenShot4_ja.jpeg */,
				6C95608425A1B16300712F97 /* ScreenShot4.jpeg */,
				6C95608B25A1B16400712F97 /* ScreenShot5_ja.jpeg */,
				6C95607A25A1B16300712F97 /* ScreenShot5.jpeg */,
				6C95608325A1B16300712F97 /* ScreenShot6_ja.jpeg */,
				6C95608725A1B16300712F97 /* ScreenShot6.jpeg */,
				6C95608825A1B16300712F97 /* ScreenShot7_ja.jpeg */,
				6C95608125A1B16300712F97 /* ScreenShot7.jpeg */,
				6C95608625A1B16300712F97 /* ScreenShot8_ja.jpeg */,
				6C95607D25A1B16300712F97 /* ScreenShot8.jpeg */,
				6C95607B25A1B16300712F97 /* ScreenShot9_ja.jpeg */,
				6C95608025A1B16300712F97 /* ScreenShot9.jpeg */,
				6C95608925A1B16300712F97 /* ScreenShot10_ja.jpeg */,
				6C95608C25A1B16400712F97 /* ScreenShot10.jpeg */,
				6C95607525A1B15800712F97 /* SocPing_splash.png */,
				6C95607625A1B15800712F97 /* SocPing.png */,
			);
			path = img;
			sourceTree = "<group>";
		};
		6C9560A325A1B16C00712F97 /* img */ = {
			isa = PBXGroup;
			children = (
				6C9560A725A1B17F00712F97 /* shinkansen_splash.png */,
				6C9560A825A1B17F00712F97 /* Shinkansen.jpeg */,
				6C9560A925A1B17F00712F97 /* stations.jpeg */,
				6C9560AA25A1B17F00712F97 /* train_down.jpeg */,
				6C9560AB25A1B17F00712F97 /* train_up.jpeg */,
			);
			path = img;
			sourceTree = "<group>";
		};
/* End PBXGroup section */

/* Begin PBXNativeTarget section */
		6C95603425A1B09800712F97 /* Apps */ = {
			isa = PBXNativeTarget;
			buildConfigurationList = 6C95604425A1B09900712F97 /* Build configuration list for PBXNativeTarget "Apps" */;
			buildPhases = (
				6C95603125A1B09800712F97 /* Sources */,
				6C95603225A1B09800712F97 /* Frameworks */,
				6C95603325A1B09800712F97 /* Resources */,
			);
			buildRules = (
			);
			dependencies = (
			);
			name = Apps;
			productName = Apps;
			productReference = 6C95603525A1B09800712F97 /* Apps.app */;
			productType = "com.apple.product-type.application";
		};
/* End PBXNativeTarget section */

/* Begin PBXProject section */
		6C95602D25A1B09800712F97 /* Project object */ = {
			isa = PBXProject;
			attributes = {
				LastSwiftUpdateCheck = 1230;
				LastUpgradeCheck = 1230;
				TargetAttributes = {
					6C95603425A1B09800712F97 = {
						CreatedOnToolsVersion = 12.3;
					};
				};
			};
			buildConfigurationList = 6C95603025A1B09800712F97 /* Build configuration list for PBXProject "Apps" */;
			compatibilityVersion = "Xcode 9.3";
			developmentRegion = en;
			hasScannedForEncodings = 0;
			knownRegions = (
				en,
				Base,
			);
			mainGroup = 6C95602C25A1B09800712F97;
			productRefGroup = 6C95603625A1B09800712F97 /* Products */;
			projectDirPath = "";
			projectRoot = "";
			targets = (
				6C95603425A1B09800712F97 /* Apps */,
			);
		};
/* End PBXProject section */

/* Begin PBXResourcesBuildPhase section */
		6C95603325A1B09800712F97 /* Resources */ = {
			isa = PBXResourcesBuildPhase;
			buildActionMask = 2147483647;
			files = (
				6C95606325A1B11C00712F97 /* AppStore_US.svg in Resources */,
				6C95609A25A1B16400712F97 /* ScreenShot8_ja.jpeg in Resources */,
				6C9560AC25A1B17F00712F97 /* shinkansen_splash.png in Resources */,
				6C95606525A1B11C00712F97 /* Pythonista3.jpeg in Resources */,
				6C95609625A1B16400712F97 /* ScreenShot3.jpeg in Resources */,
				6C95609125A1B16400712F97 /* ScreenShot8.jpeg in Resources */,
				6C95605125A1B0F800712F97 /* index_ja.html in Resources */,
				6C9560A525A1B17600712F97 /* index_ja.html in Resources */,
				6C95606D25A1B13C00712F97 /* SocTest.png in Resources */,
				6C95605325A1B0F800712F97 /* apps.css in Resources */,
				6C95607825A1B15800712F97 /* SocPing.png in Resources */,
				6C95606825A1B11C00712F97 /* Pythonista3.key in Resources */,
				6C95609825A1B16400712F97 /* ScreenShot4.jpeg in Resources */,
				6C9560AF25A1B17F00712F97 /* train_down.jpeg in Resources */,
				6C95605225A1B0F800712F97 /* index.html in Resources */,
				6C9560AE25A1B17F00712F97 /* stations.jpeg in Resources */,
				6C95606125A1B11C00712F97 /* AppStore_JP.svg in Resources */,
				6C95606925A1B11C00712F97 /* home.svg in Resources */,
				6C95607725A1B15800712F97 /* SocPing_splash.png in Resources */,
				6C95605625A1B11500712F97 /* twitter.png in Resources */,
				6C95609B25A1B16400712F97 /* ScreenShot6.jpeg in Resources */,
				6C95609525A1B16400712F97 /* ScreenShot7.jpeg in Resources */,
				6C95609F25A1B16400712F97 /* ScreenShot5_ja.jpeg in Resources */,
				6C9560A125A1B16400712F97 /* ScreenShot1.jpeg in Resources */,
				6C95606725A1B11C00712F97 /* manabapp.png in Resources */,
				6C9560AD25A1B17F00712F97 /* Shinkansen.jpeg in Resources */,
				6C95606425A1B11C00712F97 /* mark-github.svg in Resources */,
				6C95609225A1B16400712F97 /* ScreenShot4_ja.jpeg in Resources */,
				6C95609D25A1B16400712F97 /* ScreenShot10_ja.jpeg in Resources */,
				6C95609E25A1B16400712F97 /* ScreenShot2_ja.jpeg in Resources */,
				6C9560A025A1B16400712F97 /* ScreenShot10.jpeg in Resources */,
				6C9560B025A1B17F00712F97 /* train_up.jpeg in Resources */,
				6C95609025A1B16400712F97 /* ScreenShot1_ja.jpeg in Resources */,
				6C95609925A1B16400712F97 /* ScreenShot2.jpeg in Resources */,
				6C95607325A1B14A00712F97 /* index_ja.html in Resources */,
				6C95606625A1B11C00712F97 /* favicon.png in Resources */,
				6C95609725A1B16400712F97 /* ScreenShot6_ja.jpeg in Resources */,
				6C95604025A1B09900712F97 /* Preview Assets.xcassets in Resources */,
				6C95609425A1B16400712F97 /* ScreenShot9.jpeg in Resources */,
				6C95608E25A1B16400712F97 /* ScreenShot5.jpeg in Resources */,
				6C95608F25A1B16400712F97 /* ScreenShot9_ja.jpeg in Resources */,
				6C95609325A1B16400712F97 /* ScreenShot3_ja.jpeg in Resources */,
				6C95609C25A1B16400712F97 /* ScreenShot7_ja.jpeg in Resources */,
				6C95606225A1B11C00712F97 /* Gmail.png in Resources */,
				6C95603D25A1B09900712F97 /* Assets.xcassets in Resources */,
				6C95607225A1B14A00712F97 /* index.html in Resources */,
			);
			runOnlyForDeploymentPostprocessing = 0;
		};
/* End PBXResourcesBuildPhase section */

/* Begin PBXSourcesBuildPhase section */
		6C95603125A1B09800712F97 /* Sources */ = {
			isa = PBXSourcesBuildPhase;
			buildActionMask = 2147483647;
			files = (
				6C95603B25A1B09800712F97 /* ContentView.swift in Sources */,
				6C95603925A1B09800712F97 /* AppsApp.swift in Sources */,
			);
			runOnlyForDeploymentPostprocessing = 0;
		};
/* End PBXSourcesBuildPhase section */

/* Begin XCBuildConfiguration section */
		6C95604225A1B09900712F97 /* Debug */ = {
			isa = XCBuildConfiguration;
			buildSettings = {
				ALWAYS_SEARCH_USER_PATHS = NO;
				CLANG_ANALYZER_NONNULL = YES;
				CLANG_ANALYZER_NUMBER_OBJECT_CONVERSION = YES_AGGRESSIVE;
				CLANG_CXX_LANGUAGE_STANDARD = "gnu++14";
				CLANG_CXX_LIBRARY = "libc++";
				CLANG_ENABLE_MODULES = YES;
				CLANG_ENABLE_OBJC_ARC = YES;
				CLANG_ENABLE_OBJC_WEAK = YES;
				CLANG_WARN_BLOCK_CAPTURE_AUTORELEASING = YES;
				CLANG_WARN_BOOL_CONVERSION = YES;
				CLANG_WARN_COMMA = YES;
				CLANG_WARN_CONSTANT_CONVERSION = YES;
				CLANG_WARN_DEPRECATED_OBJC_IMPLEMENTATIONS = YES;
				CLANG_WARN_DIRECT_OBJC_ISA_USAGE = YES_ERROR;
				CLANG_WARN_DOCUMENTATION_COMMENTS = YES;
				CLANG_WARN_EMPTY_BODY = YES;
				CLANG_WARN_ENUM_CONVERSION = YES;
				CLANG_WARN_INFINITE_RECURSION = YES;
				CLANG_WARN_INT_CONVERSION = YES;
				CLANG_WARN_NON_LITERAL_NULL_CONVERSION = YES;
				CLANG_WARN_OBJC_IMPLICIT_RETAIN_SELF = YES;
				CLANG_WARN_OBJC_LITERAL_CONVERSION = YES;
				CLANG_WARN_OBJC_ROOT_CLASS = YES_ERROR;
				CLANG_WARN_QUOTED_INCLUDE_IN_FRAMEWORK_HEADER = YES;
				CLANG_WARN_RANGE_LOOP_ANALYSIS = YES;
				CLANG_WARN_STRICT_PROTOTYPES = YES;
				CLANG_WARN_SUSPICIOUS_MOVE = YES;
				CLANG_WARN_UNGUARDED_AVAILABILITY = YES_AGGRESSIVE;
				CLANG_WARN_UNREACHABLE_CODE = YES;
				CLANG_WARN__DUPLICATE_METHOD_MATCH = YES;
				COPY_PHASE_STRIP = NO;
				DEBUG_INFORMATION_FORMAT = dwarf;
				ENABLE_STRICT_OBJC_MSGSEND = YES;
				ENABLE_TESTABILITY = YES;
				GCC_C_LANGUAGE_STANDARD = gnu11;
				GCC_DYNAMIC_NO_PIC = NO;
				GCC_NO_COMMON_BLOCKS = YES;
				GCC_OPTIMIZATION_LEVEL = 0;
				GCC_PREPROCESSOR_DEFINITIONS = (
					"DEBUG=1",
					"$(inherited)",
				);
				GCC_WARN_64_TO_32_BIT_CONVERSION = YES;
				GCC_WARN_ABOUT_RETURN_TYPE = YES_ERROR;
				GCC_WARN_UNDECLARED_SELECTOR = YES;
				GCC_WARN_UNINITIALIZED_AUTOS = YES_AGGRESSIVE;
				GCC_WARN_UNUSED_FUNCTION = YES;
				GCC_WARN_UNUSED_VARIABLE = YES;
				IPHONEOS_DEPLOYMENT_TARGET = 14.3;
				MTL_ENABLE_DEBUG_INFO = INCLUDE_SOURCE;
				MTL_FAST_MATH = YES;
				ONLY_ACTIVE_ARCH = YES;
				SDKROOT = iphoneos;
				SWIFT_ACTIVE_COMPILATION_CONDITIONS = DEBUG;
				SWIFT_OPTIMIZATION_LEVEL = "-Onone";
			};
			name = Debug;
		};
		6C95604325A1B09900712F97 /* Release */ = {
			isa = XCBuildConfiguration;
			buildSettings = {
				ALWAYS_SEARCH_USER_PATHS = NO;
				CLANG_ANALYZER_NONNULL = YES;
				CLANG_ANALYZER_NUMBER_OBJECT_CONVERSION = YES_AGGRESSIVE;
				CLANG_CXX_LANGUAGE_STANDARD = "gnu++14";
				CLANG_CXX_LIBRARY = "libc++";
				CLANG_ENABLE_MODULES = YES;
				CLANG_ENABLE_OBJC_ARC = YES;
				CLANG_ENABLE_OBJC_WEAK = YES;
				CLANG_WARN_BLOCK_CAPTURE_AUTORELEASING = YES;
				CLANG_WARN_BOOL_CONVERSION = YES;
				CLANG_WARN_COMMA = YES;
				CLANG_WARN_CONSTANT_CONVERSION = YES;
				CLANG_WARN_DEPRECATED_OBJC_IMPLEMENTATIONS = YES;
				CLANG_WARN_DIRECT_OBJC_ISA_USAGE = YES_ERROR;
				CLANG_WARN_DOCUMENTATION_COMMENTS = YES;
				CLANG_WARN_EMPTY_BODY = YES;
				CLANG_WARN_ENUM_CONVERSION = YES;
				CLANG_WARN_INFINITE_RECURSION = YES;
				CLANG_WARN_INT_CONVERSION = YES;
				CLANG_WARN_NON_LITERAL_NULL_CONVERSION = YES;
				CLANG_WARN_OBJC_IMPLICIT_RETAIN_SELF = YES;
				CLANG_WARN_OBJC_LITERAL_CONVERSION = YES;
				CLANG_WARN_OBJC_ROOT_CLASS = YES_ERROR;
				CLANG_WARN_QUOTED_INCLUDE_IN_FRAMEWORK_HEADER = YES;
				CLANG_WARN_RANGE_LOOP_ANALYSIS = YES;
				CLANG_WARN_STRICT_PROTOTYPES = YES;
				CLANG_WARN_SUSPICIOUS_MOVE = YES;
				CLANG_WARN_UNGUARDED_AVAILABILITY = YES_AGGRESSIVE;
				CLANG_WARN_UNREACHABLE_CODE = YES;
				CLANG_WARN__DUPLICATE_METHOD_MATCH = YES;
				COPY_PHASE_STRIP = NO;
				DEBUG_INFORMATION_FORMAT = "dwarf-with-dsym";
				ENABLE_NS_ASSERTIONS = NO;
				ENABLE_STRICT_OBJC_MSGSEND = YES;
				GCC_C_LANGUAGE_STANDARD = gnu11;
				GCC_NO_COMMON_BLOCKS = YES;
				GCC_WARN_64_TO_32_BIT_CONVERSION = YES;
				GCC_WARN_ABOUT_RETURN_TYPE = YES_ERROR;
				GCC_WARN_UNDECLARED_SELECTOR = YES;
				GCC_WARN_UNINITIALIZED_AUTOS = YES_AGGRESSIVE;
				GCC_WARN_UNUSED_FUNCTION = YES;
				GCC_WARN_UNUSED_VARIABLE = YES;
				IPHONEOS_DEPLOYMENT_TARGET = 14.3;
				MTL_ENABLE_DEBUG_INFO = NO;
				MTL_FAST_MATH = YES;
				SDKROOT = iphoneos;
				SWIFT_COMPILATION_MODE = wholemodule;
				SWIFT_OPTIMIZATION_LEVEL = "-O";
				VALIDATE_PRODUCT = YES;
			};
			name = Release;
		};
		6C95604525A1B09900712F97 /* Debug */ = {
			isa = XCBuildConfiguration;
			buildSettings = {
				ASSETCATALOG_COMPILER_APPICON_NAME = AppIcon;
				ASSETCATALOG_COMPILER_GLOBAL_ACCENT_COLOR_NAME = AccentColor;
				CODE_SIGN_STYLE = Automatic;
				DEVELOPMENT_ASSET_PATHS = "\"Apps/Preview Content\"";
				DEVELOPMENT_TEAM = DG8D574ZV8;
				ENABLE_PREVIEWS = YES;
				INFOPLIST_FILE = Apps/Info.plist;
				IPHONEOS_DEPLOYMENT_TARGET = 14.0;
				LD_RUNPATH_SEARCH_PATHS = (
					"$(inherited)",
					"@executable_path/Frameworks",
				);
				PRODUCT_BUNDLE_IDENTIFIER = manabapp.Apps;
				PRODUCT_NAME = "$(TARGET_NAME)";
				SWIFT_VERSION = 5.0;
				TARGETED_DEVICE_FAMILY = "1,2";
			};
			name = Debug;
		};
		6C95604625A1B09900712F97 /* Release */ = {
			isa = XCBuildConfiguration;
			buildSettings = {
				ASSETCATALOG_COMPILER_APPICON_NAME = AppIcon;
				ASSETCATALOG_COMPILER_GLOBAL_ACCENT_COLOR_NAME = AccentColor;
				CODE_SIGN_STYLE = Automatic;
				DEVELOPMENT_ASSET_PATHS = "\"Apps/Preview Content\"";
				DEVELOPMENT_TEAM = DG8D574ZV8;
				ENABLE_PREVIEWS = YES;
				INFOPLIST_FILE = Apps/Info.plist;
				IPHONEOS_DEPLOYMENT_TARGET = 14.0;
				LD_RUNPATH_SEARCH_PATHS = (
					"$(inherited)",
					"@executable_path/Frameworks",
				);
				PRODUCT_BUNDLE_IDENTIFIER = manabapp.Apps;
				PRODUCT_NAME = "$(TARGET_NAME)";
				SWIFT_VERSION = 5.0;
				TARGETED_DEVICE_FAMILY = "1,2";
			};
			name = Release;
		};
/* End XCBuildConfiguration section */

/* Begin XCConfigurationList section */
		6C95603025A1B09800712F97 /* Build configuration list for PBXProject "Apps" */ = {
			isa = XCConfigurationList;
			buildConfigurations = (
				6C95604225A1B09900712F97 /* Debug */,
				6C95604325A1B09900712F97 /* Release */,
			);
			defaultConfigurationIsVisible = 0;
			defaultConfigurationName = Release;
		};
		6C95604425A1B09900712F97 /* Build configuration list for PBXNativeTarget "Apps" */ = {
			isa = XCConfigurationList;
			buildConfigurations = (
				6C95604525A1B09900712F97 /* Debug */,
				6C95604625A1B09900712F97 /* Release */,
			);
			defaultConfigurationIsVisible = 0;
			defaultConfigurationName = Release;
		};
/* End XCConfigurationList section */
	};
	rootObject = 6C95602D25A1B09800712F97 /* Project object */;
}
